# This file is automatically @generated by Cargo.
# It is not intended for manual editing.
version = 3

[[package]]
name = "cli"
version = "0.1.0"
dependencies = [
 "infrastructure",
 "vending-machine",
]

[[package]]
name = "infrastructure"
version = "0.1.0"
dependencies = [
 "vending-machine",
]

[[package]]
name = "vending-machine"
version = "0.1.0"
